{
  "name": "vnworkday-proto",
  "version": "0.2.0",
  "lockfileVersion": 3,
  "requires": true,
  "packages": {
    "": {
      "name": "vnworkday-proto",
      "version": "0.2.0",
      "license": "MIT",
      "dependencies": {
        "@bufbuild/buf": "^1.32.1"
      },
      "devDependencies": {
        "husky": "^9.0.11"
      }
    },
    "node_modules/@bufbuild/buf": {
      "version": "1.32.1",
      "resolved": "https://registry.npmjs.org/@bufbuild/buf/-/buf-1.32.1.tgz",
      "integrity": "sha512-uPVhqDzYtz9Q7WTodCschf9xXKL5/TQHtU1fKOUmain/dGe66YtSU4LQ0SWmxAQEJIUSmkH4UOPgKEzNMKdWeg==",
      "hasInstallScript": true,
      "bin": {
        "buf": "bin/buf",
        "protoc-gen-buf-breaking": "bin/protoc-gen-buf-breaking",
        "protoc-gen-buf-lint": "bin/protoc-gen-buf-lint"
      },
      "engines": {
        "node": ">=12"
      },
      "optionalDependencies": {
        "@bufbuild/buf-darwin-arm64": "1.32.1",
        "@bufbuild/buf-darwin-x64": "1.32.1",
        "@bufbuild/buf-linux-aarch64": "1.32.1",
        "@bufbuild/buf-linux-x64": "1.32.1",
        "@bufbuild/buf-win32-arm64": "1.32.1",
        "@bufbuild/buf-win32-x64": "1.32.1"
      }
    },
    "node_modules/@bufbuild/buf-darwin-arm64": {
      "version": "1.32.1",
      "resolved": "https://registry.npmjs.org/@bufbuild/buf-darwin-arm64/-/buf-darwin-arm64-1.32.1.tgz",
      "integrity": "sha512-Duw4StB5sth8s4cQfOa7Be6+OAXfGuuo3ZOkUzJTxWOVH0sWq0nTkO90kXMJOjOkmB/JMnqRQcVAdKuu9u1pcw==",
      "cpu": [
        "arm64"
      ],
      "optional": true,
      "os": [
        "darwin"
      ],
      "engines": {
        "node": ">=12"
      }
    },
    "node_modules/@bufbuild/buf-darwin-x64": {
      "version": "1.32.1",
      "resolved": "https://registry.npmjs.org/@bufbuild/buf-darwin-x64/-/buf-darwin-x64-1.32.1.tgz",
      "integrity": "sha512-3ANVbOoSmfdFxhOvjMDLTr2u35+mdEQcF9Tx39ZEA+Las0WucV6n/bGPwucpH04a9UsW59npNt3IzA4VvUDcyw==",
      "cpu": [
        "x64"
      ],
      "optional": true,
      "os": [
        "darwin"
      ],
      "engines": {
        "node": ">=12"
      }
    },
    "node_modules/@bufbuild/buf-linux-aarch64": {
      "version": "1.32.1",
      "resolved": "https://registry.npmjs.org/@bufbuild/buf-linux-aarch64/-/buf-linux-aarch64-1.32.1.tgz",
      "integrity": "sha512-QdGirTSFU/WzI/lBo9ph4ThQJS9S8Zm3l/7hg+07GrF57VqB1pUZvnh2298R10/kLKP6lpMtqeVrjMhIcHtxTw==",
      "cpu": [
        "arm64"
      ],
      "optional": true,
      "os": [
        "linux"
      ],
      "engines": {
        "node": ">=12"
      }
    },
    "node_modules/@bufbuild/buf-linux-x64": {
      "version": "1.32.1",
      "resolved": "https://registry.npmjs.org/@bufbuild/buf-linux-x64/-/buf-linux-x64-1.32.1.tgz",
      "integrity": "sha512-6R8whslj+6WQi9nUjVkNx6AW64czFOFD22dLmrB4i3bY/WDku+/5CNHBU/On738pmgujQrEVT4ztB6fVmVtKOg==",
      "cpu": [
        "x64"
      ],
      "optional": true,
      "os": [
        "linux"
      ],
      "engines": {
        "node": ">=12"
      }
    },
    "node_modules/@bufbuild/buf-win32-arm64": {
      "version": "1.32.1",
      "resolved": "https://registry.npmjs.org/@bufbuild/buf-win32-arm64/-/buf-win32-arm64-1.32.1.tgz",
      "integrity": "sha512-QPDxdLRxJpiCTEx7/5bIN3V3EPGvZ1+dyEco6d1qIydDrH9BbCWNy9YLPJOaDxAbewW4lrAX73FmMTTM4tNtbw==",
      "cpu": [
        "arm64"
      ],
      "optional": true,
      "os": [
        "win32"
      ],
      "engines": {
        "node": ">=12"
      }
    },
    "node_modules/@bufbuild/buf-win32-x64": {
      "version": "1.32.1",
      "resolved": "https://registry.npmjs.org/@bufbuild/buf-win32-x64/-/buf-win32-x64-1.32.1.tgz",
      "integrity": "sha512-rZSM5id3zko+YQICZB3ypj+AVL0rcN7gra8SN4Ep4aOWAH6gib3RgH51cFcq9VgI1N1xTBy8wZvQMnMLPBn2zg==",
      "cpu": [
        "x64"
      ],
      "optional": true,
      "os": [
        "win32"
      ],
      "engines": {
        "node": ">=12"
      }
    },
    "node_modules/husky": {
      "version": "9.0.11",
      "resolved": "https://registry.npmjs.org/husky/-/husky-9.0.11.tgz",
      "integrity": "sha512-AB6lFlbwwyIqMdHYhwPe+kjOC3Oc5P3nThEoW/AaO2BX3vJDjWPFxYLxokUZOo6RNX20He3AaT8sESs9NJcmEw==",
      "dev": true,
      "bin": {
        "husky": "bin.mjs"
      },
      "engines": {
        "node": ">=18"
      },
      "funding": {
        "url": "https://github.com/sponsors/typicode"
      }
    }
  }
}
